{
  "name": "blocklingo",
  "lockfileVersion": 3,
  "requires": true,
  "packages": {
    "": {
      "dependencies": {
        "@tsparticles/engine": "^3.5.0",
        "@tsparticles/react": "^3.0.0",
        "framer-motion": "^11.9.0",
        "react-particles": "^2.12.2",
        "tsparticles-confetti": "^2.12.0"
      }
    },
    "node_modules/@tsparticles/engine": {
      "version": "3.5.0",
      "resolved": "https://registry.npmjs.org/@tsparticles/engine/-/engine-3.5.0.tgz",
      "integrity": "sha512-RCwrJ2SvSYdhXJ24oUCjSUKEZQ9lXwObOWMvfMC9vS6/bk+Qo0N7Xx8AfumqzP/LebB1YJdlCvuoJMauAon0Pg==",
      "funding": [
        {
          "type": "github",
          "url": "https://github.com/sponsors/matteobruni"
        },
        {
          "type": "github",
          "url": "https://github.com/sponsors/tsparticles"
        },
        {
          "type": "buymeacoffee",
          "url": "https://www.buymeacoffee.com/matteobruni"
        }
      ],
      "hasInstallScript": true,
      "license": "MIT"
    },
    "node_modules/@tsparticles/react": {
      "version": "3.0.0",
      "resolved": "https://registry.npmjs.org/@tsparticles/react/-/react-3.0.0.tgz",
      "integrity": "sha512-hjGEtTT1cwv6BcjL+GcVgH++KYs52bIuQGW3PWv7z3tMa8g0bd6RI/vWSLj7p//NZ3uTjEIeilYIUPBh7Jfq/Q==",
      "peerDependencies": {
        "@tsparticles/engine": "^3.0.2",
        "react": ">=16.8.0",
        "react-dom": ">=16.8.0"
      }
    },
    "node_modules/framer-motion": {
      "version": "11.9.0",
      "resolved": "https://registry.npmjs.org/framer-motion/-/framer-motion-11.9.0.tgz",
      "integrity": "sha512-nCfGxvsQecVLjjYDu35G2F5ls+ArE3FBfhxV0RSiisMaUKqteq5DMBFNRKwMyVj+VqKTNhawt+BV480YCHKFlQ==",
      "license": "MIT",
      "dependencies": {
        "tslib": "^2.4.0"
      },
      "peerDependencies": {
        "@emotion/is-prop-valid": "*",
        "react": "^18.0.0",
        "react-dom": "^18.0.0"
      },
      "peerDependenciesMeta": {
        "@emotion/is-prop-valid": {
          "optional": true
        },
        "react": {
          "optional": true
        },
        "react-dom": {
          "optional": true
        }
      }
    },
    "node_modules/js-tokens": {
      "version": "4.0.0",
      "resolved": "https://registry.npmjs.org/js-tokens/-/js-tokens-4.0.0.tgz",
      "integrity": "sha512-RdJUflcE3cUzKiMqQgsCu06FPu9UdIJO0beYbPhHN4k6apgJtifcoCtT9bcxOpYBtpD2kCM6Sbzg4CausW/PKQ==",
      "license": "MIT",
      "peer": true
    },
    "node_modules/loose-envify": {
      "version": "1.4.0",
      "resolved": "https://registry.npmjs.org/loose-envify/-/loose-envify-1.4.0.tgz",
      "integrity": "sha512-lyuxPGr/Wfhrlem2CL/UcnUc1zcqKAImBDzukY7Y5F/yQiNdko6+fRLevlw1HgMySw7f611UIY408EtxRSoK3Q==",
      "license": "MIT",
      "peer": true,
      "dependencies": {
        "js-tokens": "^3.0.0 || ^4.0.0"
      },
      "bin": {
        "loose-envify": "cli.js"
      }
    },
    "node_modules/react": {
      "version": "18.3.1",
      "resolved": "https://registry.npmjs.org/react/-/react-18.3.1.tgz",
      "integrity": "sha512-wS+hAgJShR0KhEvPJArfuPVN1+Hz1t0Y6n5jLrGQbkb4urgPE/0Rve+1kMB1v/oWgHgm4WIcV+i7F2pTVj+2iQ==",
      "license": "MIT",
      "peer": true,
      "dependencies": {
        "loose-envify": "^1.1.0"
      },
      "engines": {
        "node": ">=0.10.0"
      }
    },
    "node_modules/react-dom": {
      "version": "18.3.1",
      "resolved": "https://registry.npmjs.org/react-dom/-/react-dom-18.3.1.tgz",
      "integrity": "sha512-5m4nQKp+rZRb09LNH59GM4BxTh9251/ylbKIbpe7TpGxfJ+9kv6BLkLBXIjjspbgbnIBNqlI23tRnTWT0snUIw==",
      "license": "MIT",
      "peer": true,
      "dependencies": {
        "loose-envify": "^1.1.0",
        "scheduler": "^0.23.2"
      },
      "peerDependencies": {
        "react": "^18.3.1"
      }
    },
    "node_modules/react-particles": {
      "version": "2.12.2",
      "resolved": "https://registry.npmjs.org/react-particles/-/react-particles-2.12.2.tgz",
      "integrity": "sha512-Bo9DdrBRPFy8uiT7BA8P36Rdmz6GhB/RG9kkWUyZGIsS8AxWyuUjpVxw9Lr23K0LVE2aenAJ0vnqEbbLDpBgQw==",
      "deprecated": "@tsparticles/react is the new version, please use that",
      "funding": [
        {
          "type": "github",
          "url": "https://github.com/sponsors/matteobruni"
        },
        {
          "type": "github",
          "url": "https://github.com/sponsors/tsparticles"
        },
        {
          "type": "buymeacoffee",
          "url": "https://www.buymeacoffee.com/matteobruni"
        }
      ],
      "hasInstallScript": true,
      "license": "MIT",
      "dependencies": {
        "tsparticles-engine": "^2.12.0"
      },
      "peerDependencies": {
        "react": ">=16"
      }
    },
    "node_modules/scheduler": {
      "version": "0.23.2",
      "resolved": "https://registry.npmjs.org/scheduler/-/scheduler-0.23.2.tgz",
      "integrity": "sha512-UOShsPwz7NrMUqhR6t0hWjFduvOzbtv7toDH1/hIrfRNIDBnnBWd0CwJTGvTpngVlmwGCdP9/Zl/tVrDqcuYzQ==",
      "license": "MIT",
      "peer": true,
      "dependencies": {
        "loose-envify": "^1.1.0"
      }
    },
    "node_modules/tslib": {
      "version": "2.7.0",
      "resolved": "https://registry.npmjs.org/tslib/-/tslib-2.7.0.tgz",
      "integrity": "sha512-gLXCKdN1/j47AiHiOkJN69hJmcbGTHI0ImLmbYLHykhgeN0jVGola9yVjFgzCUklsZQMW55o+dW7IXv3RCXDzA==",
      "license": "0BSD"
    },
    "node_modules/tsparticles-basic": {
      "version": "2.12.0",
      "resolved": "https://registry.npmjs.org/tsparticles-basic/-/tsparticles-basic-2.12.0.tgz",
      "integrity": "sha512-pN6FBpL0UsIUXjYbiui5+IVsbIItbQGOlwyGV55g6IYJBgdTNXgFX0HRYZGE9ZZ9psEXqzqwLM37zvWnb5AG9g==",
      "deprecated": "starting from tsparticles v3 the packages are now moved to @tsparticles/package-name instead of tsparticles-package-name",
      "funding": [
        {
          "type": "github",
          "url": "https://github.com/sponsors/matteobruni"
        },
        {
          "type": "github",
          "url": "https://github.com/sponsors/tsparticles"
        },
        {
          "type": "buymeacoffee",
          "url": "https://www.buymeacoffee.com/matteobruni"
        }
      ],
      "license": "MIT",
      "dependencies": {
        "tsparticles-engine": "^2.12.0",
        "tsparticles-move-base": "^2.12.0",
        "tsparticles-shape-circle": "^2.12.0",
        "tsparticles-updater-color": "^2.12.0",
        "tsparticles-updater-opacity": "^2.12.0",
        "tsparticles-updater-out-modes": "^2.12.0",
        "tsparticles-updater-size": "^2.12.0"
      }
    },
    "node_modules/tsparticles-confetti": {
      "version": "2.12.0",
      "resolved": "https://registry.npmjs.org/tsparticles-confetti/-/tsparticles-confetti-2.12.0.tgz",
      "integrity": "sha512-PsxBL1DjYNNZecFFcymivnPypuxHKh0ePz2/9CctKl6zwS+Z8cHBCoszg8jBx6PJDJkAxIa76taezd54caISYg==",
      "deprecated": "starting from tsparticles v3 the packages are now moved to @tsparticles/package-name instead of tsparticles-package-name",
      "funding": [
        {
          "type": "github",
          "url": "https://github.com/sponsors/matteobruni"
        },
        {
          "type": "github",
          "url": "https://github.com/sponsors/tsparticles"
        },
        {
          "type": "buymeacoffee",
          "url": "https://www.buymeacoffee.com/matteobruni"
        }
      ],
      "license": "MIT",
      "dependencies": {
        "tsparticles-basic": "^2.12.0",
        "tsparticles-engine": "^2.12.0",
        "tsparticles-plugin-emitters": "^2.12.0",
        "tsparticles-plugin-motion": "^2.12.0",
        "tsparticles-shape-cards": "^2.12.0",
        "tsparticles-shape-heart": "^2.12.0",
        "tsparticles-shape-image": "^2.12.0",
        "tsparticles-shape-polygon": "^2.12.0",
        "tsparticles-shape-square": "^2.12.0",
        "tsparticles-shape-star": "^2.12.0",
        "tsparticles-shape-text": "^2.12.0",
        "tsparticles-updater-life": "^2.12.0",
        "tsparticles-updater-roll": "^2.12.0",
        "tsparticles-updater-rotate": "^2.12.0",
        "tsparticles-updater-tilt": "^2.12.0",
        "tsparticles-updater-wobble": "^2.12.0"
      }
    },
    "node_modules/tsparticles-engine": {
      "version": "2.12.0",
      "resolved": "https://registry.npmjs.org/tsparticles-engine/-/tsparticles-engine-2.12.0.tgz",
      "integrity": "sha512-ZjDIYex6jBJ4iMc9+z0uPe7SgBnmb6l+EJm83MPIsOny9lPpetMsnw/8YJ3xdxn8hV+S3myTpTN1CkOVmFv0QQ==",
      "deprecated": "starting from tsparticles v3 the packages are now moved to @tsparticles/package-name instead of tsparticles-package-name",
      "funding": [
        {
          "type": "github",
          "url": "https://github.com/sponsors/matteobruni"
        },
        {
          "type": "github",
          "url": "https://github.com/sponsors/tsparticles"
        },
        {
          "type": "buymeacoffee",
          "url": "https://www.buymeacoffee.com/matteobruni"
        }
      ],
      "hasInstallScript": true,
      "license": "MIT"
    },
    "node_modules/tsparticles-move-base": {
      "version": "2.12.0",
      "resolved": "https://registry.npmjs.org/tsparticles-move-base/-/tsparticles-move-base-2.12.0.tgz",
      "integrity": "sha512-oSogCDougIImq+iRtIFJD0YFArlorSi8IW3HD2gO3USkH+aNn3ZqZNTqp321uB08K34HpS263DTbhLHa/D6BWw==",
      "deprecated": "starting from tsparticles v3 the packages are now moved to @tsparticles/package-name instead of tsparticles-package-name",
      "license": "MIT",
      "dependencies": {
        "tsparticles-engine": "^2.12.0"
      }
    },
    "node_modules/tsparticles-plugin-emitters": {
      "version": "2.12.0",
      "resolved": "https://registry.npmjs.org/tsparticles-plugin-emitters/-/tsparticles-plugin-emitters-2.12.0.tgz",
      "integrity": "sha512-fbskYnaXWXivBh9KFReVCfqHdhbNQSK2T+fq2qcGEWpwtDdgujcaS1k2Q/xjZnWNMfVesik4IrqspcL51gNdSA==",
      "deprecated": "starting from tsparticles v3 the packages are now moved to @tsparticles/package-name instead of tsparticles-package-name",
      "license": "MIT",
      "dependencies": {
        "tsparticles-engine": "^2.12.0"
      }
    },
    "node_modules/tsparticles-plugin-motion": {
      "version": "2.12.0",
      "resolved": "https://registry.npmjs.org/tsparticles-plugin-motion/-/tsparticles-plugin-motion-2.12.0.tgz",
      "integrity": "sha512-VeS0VDV5wc9a4t0xkPi3lkHqOvKRlELq4mEEvaIk8WwgOcx05TUZcJIIbhftnNabqgpHrZ4iUP5Nb2wZ3DBwWQ==",
      "deprecated": "starting from tsparticles v3 the packages are now moved to @tsparticles/package-name instead of tsparticles-package-name",
      "license": "MIT",
      "dependencies": {
        "tsparticles-engine": "^2.12.0"
      }
    },
    "node_modules/tsparticles-shape-cards": {
      "version": "2.12.0",
      "resolved": "https://registry.npmjs.org/tsparticles-shape-cards/-/tsparticles-shape-cards-2.12.0.tgz",
      "integrity": "sha512-4mSV1C7c/7SsSbS4A5HJEZE5tB2fOAEUXm52uagzBVMbL/YI+XkjOpi7L6JtCNcBKrWnZ/IgnnLMyyFGhNc4pA==",
      "deprecated": "starting from tsparticles v3 the packages are now moved to @tsparticles/package-name instead of tsparticles-package-name",
      "funding": [
        {
          "type": "github",
          "url": "https://github.com/sponsors/matteobruni"
        },
        {
          "type": "github",
          "url": "https://github.com/sponsors/tsparticles"
        },
        {
          "type": "buymeacoffee",
          "url": "https://www.buymeacoffee.com/matteobruni"
        }
      ],
      "license": "MIT",
      "dependencies": {
        "tsparticles-engine": "^2.12.0"
      }
    },
    "node_modules/tsparticles-shape-circle": {
      "version": "2.12.0",
      "resolved": "https://registry.npmjs.org/tsparticles-shape-circle/-/tsparticles-shape-circle-2.12.0.tgz",
      "integrity": "sha512-L6OngbAlbadG7b783x16ns3+SZ7i0SSB66M8xGa5/k+YcY7zm8zG0uPt1Hd+xQDR2aNA3RngVM10O23/Lwk65Q==",
      "deprecated": "starting from tsparticles v3 the packages are now moved to @tsparticles/package-name instead of tsparticles-package-name",
      "license": "MIT",
      "dependencies": {
        "tsparticles-engine": "^2.12.0"
      }
    },
    "node_modules/tsparticles-shape-heart": {
      "version": "2.12.0",
      "resolved": "https://registry.npmjs.org/tsparticles-shape-heart/-/tsparticles-shape-heart-2.12.0.tgz",
      "integrity": "sha512-OK8CJrCY0Z6YAedyfTQh52u7KsurkP8eLNWDW11BhqcvDQkfwJC5g25Y3VrcW9Rwc88hrbNwFQlsKbY6tOn7qA==",
      "deprecated": "starting from tsparticles v3 the packages are now moved to @tsparticles/package-name instead of tsparticles-package-name",
      "funding": [
        {
          "type": "github",
          "url": "https://github.com/sponsors/matteobruni"
        },
        {
          "type": "github",
          "url": "https://github.com/sponsors/tsparticles"
        },
        {
          "type": "buymeacoffee",
          "url": "https://www.buymeacoffee.com/matteobruni"
        }
      ],
      "license": "MIT",
      "dependencies": {
        "tsparticles-engine": "^2.12.0"
      }
    },
    "node_modules/tsparticles-shape-image": {
      "version": "2.12.0",
      "resolved": "https://registry.npmjs.org/tsparticles-shape-image/-/tsparticles-shape-image-2.12.0.tgz",
      "integrity": "sha512-iCkSdUVa40DxhkkYjYuYHr9MJGVw+QnQuN5UC+e/yBgJQY+1tQL8UH0+YU/h0GHTzh5Sm+y+g51gOFxHt1dj7Q==",
      "deprecated": "starting from tsparticles v3 the packages are now moved to @tsparticles/package-name instead of tsparticles-package-name",
      "license": "MIT",
      "dependencies": {
        "tsparticles-engine": "^2.12.0"
      }
    },
    "node_modules/tsparticles-shape-polygon": {
      "version": "2.12.0",
      "resolved": "https://registry.npmjs.org/tsparticles-shape-polygon/-/tsparticles-shape-polygon-2.12.0.tgz",
      "integrity": "sha512-5YEy7HVMt1Obxd/jnlsjajchAlYMr9eRZWN+lSjcFSH6Ibra7h59YuJVnwxOxAobpijGxsNiBX0PuGQnB47pmA==",
      "deprecated": "starting from tsparticles v3 the packages are now moved to @tsparticles/package-name instead of tsparticles-package-name",
      "license": "MIT",
      "dependencies": {
        "tsparticles-engine": "^2.12.0"
      }
    },
    "node_modules/tsparticles-shape-square": {
      "version": "2.12.0",
      "resolved": "https://registry.npmjs.org/tsparticles-shape-square/-/tsparticles-shape-square-2.12.0.tgz",
      "integrity": "sha512-33vfajHqmlODKaUzyPI/aVhnAOT09V7nfEPNl8DD0cfiNikEuPkbFqgJezJuE55ebtVo7BZPDA9o7GYbWxQNuw==",
      "deprecated": "starting from tsparticles v3 the packages are now moved to @tsparticles/package-name instead of tsparticles-package-name",
      "license": "MIT",
      "dependencies": {
        "tsparticles-engine": "^2.12.0"
      }
    },
    "node_modules/tsparticles-shape-star": {
      "version": "2.12.0",
      "resolved": "https://registry.npmjs.org/tsparticles-shape-star/-/tsparticles-shape-star-2.12.0.tgz",
      "integrity": "sha512-4sfG/BBqm2qBnPLASl2L5aBfCx86cmZLXeh49Un+TIR1F5Qh4XUFsahgVOG0vkZQa+rOsZPEH04xY5feWmj90g==",
      "deprecated": "starting from tsparticles v3 the packages are now moved to @tsparticles/package-name instead of tsparticles-package-name",
      "license": "MIT",
      "dependencies": {
        "tsparticles-engine": "^2.12.0"
      }
    },
    "node_modules/tsparticles-shape-text": {
      "version": "2.12.0",
      "resolved": "https://registry.npmjs.org/tsparticles-shape-text/-/tsparticles-shape-text-2.12.0.tgz",
      "integrity": "sha512-v2/FCA+hyTbDqp2ymFOe97h/NFb2eezECMrdirHWew3E3qlvj9S/xBibjbpZva2gnXcasBwxn0+LxKbgGdP0rA==",
      "deprecated": "starting from tsparticles v3 the packages are now moved to @tsparticles/package-name instead of tsparticles-package-name",
      "license": "MIT",
      "dependencies": {
        "tsparticles-engine": "^2.12.0"
      }
    },
    "node_modules/tsparticles-updater-color": {
      "version": "2.12.0",
      "resolved": "https://registry.npmjs.org/tsparticles-updater-color/-/tsparticles-updater-color-2.12.0.tgz",
      "integrity": "sha512-KcG3a8zd0f8CTiOrylXGChBrjhKcchvDJjx9sp5qpwQK61JlNojNCU35xoaSk2eEHeOvFjh0o3CXWUmYPUcBTQ==",
      "deprecated": "starting from tsparticles v3 the packages are now moved to @tsparticles/package-name instead of tsparticles-package-name",
      "license": "MIT",
      "dependencies": {
        "tsparticles-engine": "^2.12.0"
      }
    },
    "node_modules/tsparticles-updater-life": {
      "version": "2.12.0",
      "resolved": "https://registry.npmjs.org/tsparticles-updater-life/-/tsparticles-updater-life-2.12.0.tgz",
      "integrity": "sha512-J7RWGHAZkowBHpcLpmjKsxwnZZJ94oGEL2w+wvW1/+ZLmAiFFF6UgU0rHMC5CbHJT4IPx9cbkYMEHsBkcRJ0Bw==",
      "deprecated": "starting from tsparticles v3 the packages are now moved to @tsparticles/package-name instead of tsparticles-package-name",
      "license": "MIT",
      "dependencies": {
        "tsparticles-engine": "^2.12.0"
      }
    },
    "node_modules/tsparticles-updater-opacity": {
      "version": "2.12.0",
      "resolved": "https://registry.npmjs.org/tsparticles-updater-opacity/-/tsparticles-updater-opacity-2.12.0.tgz",
      "integrity": "sha512-YUjMsgHdaYi4HN89LLogboYcCi1o9VGo21upoqxq19yRy0hRCtx2NhH22iHF/i5WrX6jqshN0iuiiNefC53CsA==",
      "deprecated": "starting from tsparticles v3 the packages are now moved to @tsparticles/package-name instead of tsparticles-package-name",
      "license": "MIT",
      "dependencies": {
        "tsparticles-engine": "^2.12.0"
      }
    },
    "node_modules/tsparticles-updater-out-modes": {
      "version": "2.12.0",
      "resolved": "https://registry.npmjs.org/tsparticles-updater-out-modes/-/tsparticles-updater-out-modes-2.12.0.tgz",
      "integrity": "sha512-owBp4Gk0JNlSrmp12XVEeBroDhLZU+Uq3szbWlHGSfcR88W4c/0bt0FiH5bHUqORIkw+m8O56hCjbqwj69kpOQ==",
      "deprecated": "starting from tsparticles v3 the packages are now moved to @tsparticles/package-name instead of tsparticles-package-name",
      "license": "MIT",
      "dependencies": {
        "tsparticles-engine": "^2.12.0"
      }
    },
    "node_modules/tsparticles-updater-roll": {
      "version": "2.12.0",
      "resolved": "https://registry.npmjs.org/tsparticles-updater-roll/-/tsparticles-updater-roll-2.12.0.tgz",
      "integrity": "sha512-dxoxY5jP4C9x15BxlUv5/Q8OjUPBiE09ToXRyBxea9aEJ7/iMw6odvi1HuT0H1vTIfV7o1MYawjeCbMycvODKQ==",
      "deprecated": "starting from tsparticles v3 the packages are now moved to @tsparticles/package-name instead of tsparticles-package-name",
      "license": "MIT",
      "dependencies": {
        "tsparticles-engine": "^2.12.0"
      }
    },
    "node_modules/tsparticles-updater-rotate": {
      "version": "2.12.0",
      "resolved": "https://registry.npmjs.org/tsparticles-updater-rotate/-/tsparticles-updater-rotate-2.12.0.tgz",
      "integrity": "sha512-waOFlGFmEZOzsQg4C4VSejNVXGf4dMf3fsnQrEROASGf1FCd8B6WcZau7JtXSTFw0OUGuk8UGz36ETWN72DkCw==",
      "deprecated": "starting from tsparticles v3 the packages are now moved to @tsparticles/package-name instead of tsparticles-package-name",
      "license": "MIT",
      "dependencies": {
        "tsparticles-engine": "^2.12.0"
      }
    },
    "node_modules/tsparticles-updater-size": {
      "version": "2.12.0",
      "resolved": "https://registry.npmjs.org/tsparticles-updater-size/-/tsparticles-updater-size-2.12.0.tgz",
      "integrity": "sha512-B0yRdEDd/qZXCGDL/ussHfx5YJ9UhTqNvmS5X2rR2hiZhBAE2fmsXLeWkdtF2QusjPeEqFDxrkGiLOsh6poqRA==",
      "deprecated": "starting from tsparticles v3 the packages are now moved to @tsparticles/package-name instead of tsparticles-package-name",
      "license": "MIT",
      "dependencies": {
        "tsparticles-engine": "^2.12.0"
      }
    },
    "node_modules/tsparticles-updater-tilt": {
      "version": "2.12.0",
      "resolved": "https://registry.npmjs.org/tsparticles-updater-tilt/-/tsparticles-updater-tilt-2.12.0.tgz",
      "integrity": "sha512-HDEFLXazE+Zw+kkKKAiv0Fs9D9sRP61DoCR6jZ36ipea6OBgY7V1Tifz2TSR1zoQkk57ER9+EOQbkSQO+YIPGQ==",
      "deprecated": "starting from tsparticles v3 the packages are now moved to @tsparticles/package-name instead of tsparticles-package-name",
      "license": "MIT",
      "dependencies": {
        "tsparticles-engine": "^2.12.0"
      }
    },
    "node_modules/tsparticles-updater-wobble": {
      "version": "2.12.0",
      "resolved": "https://registry.npmjs.org/tsparticles-updater-wobble/-/tsparticles-updater-wobble-2.12.0.tgz",
      "integrity": "sha512-85FIRl95ipD3jfIsQdDzcUC5PRMWIrCYqBq69nIy9P8rsNzygn+JK2n+P1VQZowWsZvk0mYjqb9OVQB21Lhf6Q==",
      "deprecated": "starting from tsparticles v3 the packages are now moved to @tsparticles/package-name instead of tsparticles-package-name",
      "license": "MIT",
      "dependencies": {
        "tsparticles-engine": "^2.12.0"
      }
    }
  }
}
